
Microsoft Visual Studio Solution File, Format Version 12.00
# Visual Studio Version 16
VisualStudioVersion = 16.0.31911.196
MinimumVisualStudioVersion = 10.0.40219.1
Project("{FAE04EC0-301F-11D3-BF4B-00C04F79EFBC}") = "PhoneBookXML", "DXApplication1\PhoneBookXML.csproj", "{07BC183F-5C4D-4363-8E31-32167DBCFDF5}"
EndProject
Project("{FAE04EC0-301F-11D3-BF4B-00C04F79EFBC}") = "PhoneBookTests", "PhoneBookTests\PhoneBookTests.csproj", "{24889988-4F6B-46F7-B317-D89107057A73}"
EndProject
Global
	GlobalSection(SolutionConfigurationPlatforms) = preSolution
		Debug|Any CPU = Debug|Any CPU
		Release|Any CPU = Release|Any CPU
	EndGlobalSection
	GlobalSection(ProjectConfigurationPlatforms) = postSolution
		{07BC183F-5C4D-4363-8E31-32167DBCFDF5}.Debug|Any CPU.ActiveCfg = Debug|Any CPU
		{07BC183F-5C4D-4363-8E31-32167DBCFDF5}.Debug|Any CPU.Build.0 = Debug|Any CPU
		{07BC183F-5C4D-4363-8E31-32167DBCFDF5}.Release|Any CPU.ActiveCfg = Release|Any CPU
		{07BC183F-5C4D-4363-8E31-32167DBCFDF5}.Release|Any CPU.Build.0 = Release|Any CPU
		{24889988-4F6B-46F7-B317-D89107057A73}.Debug|Any CPU.ActiveCfg = Debug|Any CPU
		{24889988-4F6B-46F7-B317-D89107057A73}.Debug|Any CPU.Build.0 = Debug|Any CPU
		{24889988-4F6B-46F7-B317-D89107057A73}.Release|Any CPU.ActiveCfg = Release|Any CPU
		{24889988-4F6B-46F7-B317-D89107057A73}.Release|Any CPU.Build.0 = Release|Any CPU
	EndGlobalSection
	GlobalSection(SolutionProperties) = preSolution
		HideSolutionNode = FALSE
	EndGlobalSection
	GlobalSection(ExtensibilityGlobals) = postSolution
		SolutionGuid = {E1C4328A-8CA4-41AA-BA24-FA9838BAC6E2}
	EndGlobalSection
EndGlobal
